
Microsoft Visual Studio Solution File, Format Version 12.00
# Visual Studio Version 17
VisualStudioVersion = 17.3.32922.545
MinimumVisualStudioVersion = 10.0.40219.1
Project("{FAE04EC0-301F-11D3-BF4B-00C04F79EFBC}") = "Završni projekt", "Završni projekt\Završni projekt.csproj", "{8C9AB8EC-F055-4580-99C3-3A7F59AB8C05}"
EndProject
Global
	GlobalSection(SolutionConfigurationPlatforms) = preSolution
		Debug|Any CPU = Debug|Any CPU
		Release|Any CPU = Release|Any CPU
	EndGlobalSection
	GlobalSection(ProjectConfigurationPlatforms) = postSolution
		{8C9AB8EC-F055-4580-99C3-3A7F59AB8C05}.Debug|Any CPU.ActiveCfg = Debug|Any CPU
		{8C9AB8EC-F055-4580-99C3-3A7F59AB8C05}.Debug|Any CPU.Build.0 = Debug|Any CPU
		{8C9AB8EC-F055-4580-99C3-3A7F59AB8C05}.Release|Any CPU.ActiveCfg = Release|Any CPU
		{8C9AB8EC-F055-4580-99C3-3A7F59AB8C05}.Release|Any CPU.Build.0 = Release|Any CPU
	EndGlobalSection
	GlobalSection(SolutionProperties) = preSolution
		HideSolutionNode = FALSE
	EndGlobalSection
	GlobalSection(ExtensibilityGlobals) = postSolution
		SolutionGuid = {4DC9B676-97B1-4F02-BB87-5156B5F96EB6}
	EndGlobalSection
EndGlobal
